
Microsoft Visual Studio Solution File, Format Version 12.00
# Visual Studio Version 17
VisualStudioVersion = 17.0.31903.59
MinimumVisualStudioVersion = 10.0.40219.1
Project("{FAE04EC0-301F-11D3-BF4B-00C04F79EFBC}") = "Consultas", "Consultas\Consultas.csproj", "{4783EB79-5B20-4B12-8767-BF6942D32EEF}"
EndProject
Global
	GlobalSection(SolutionConfigurationPlatforms) = preSolution
		Debug|Any CPU = Debug|Any CPU
		Release|Any CPU = Release|Any CPU
	EndGlobalSection
	GlobalSection(SolutionProperties) = preSolution
		HideSolutionNode = FALSE
	EndGlobalSection
	GlobalSection(ProjectConfigurationPlatforms) = postSolution
		{4783EB79-5B20-4B12-8767-BF6942D32EEF}.Debug|Any CPU.ActiveCfg = Debug|Any CPU
		{4783EB79-5B20-4B12-8767-BF6942D32EEF}.Debug|Any CPU.Build.0 = Debug|Any CPU
		{4783EB79-5B20-4B12-8767-BF6942D32EEF}.Release|Any CPU.ActiveCfg = Release|Any CPU
		{4783EB79-5B20-4B12-8767-BF6942D32EEF}.Release|Any CPU.Build.0 = Release|Any CPU
	EndGlobalSection
EndGlobal
